
Microsoft Visual Studio Solution File, Format Version 12.00
# Visual Studio Version 16
VisualStudioVersion = 16.0.33027.164
MinimumVisualStudioVersion = 10.0.40219.1
Project("{FAE04EC0-301F-11D3-BF4B-00C04F79EFBC}") = "PR3", "PR3\PR3.csproj", "{159FDCC6-CEF7-4547-A5B1-5E7EF517779F}"
EndProject
Global
	GlobalSection(SolutionConfigurationPlatforms) = preSolution
		Debug|Any CPU = Debug|Any CPU
		Release|Any CPU = Release|Any CPU
	EndGlobalSection
	GlobalSection(ProjectConfigurationPlatforms) = postSolution
		{159FDCC6-CEF7-4547-A5B1-5E7EF517779F}.Debug|Any CPU.ActiveCfg = Debug|Any CPU
		{159FDCC6-CEF7-4547-A5B1-5E7EF517779F}.Debug|Any CPU.Build.0 = Debug|Any CPU
		{159FDCC6-CEF7-4547-A5B1-5E7EF517779F}.Release|Any CPU.ActiveCfg = Release|Any CPU
		{159FDCC6-CEF7-4547-A5B1-5E7EF517779F}.Release|Any CPU.Build.0 = Release|Any CPU
	EndGlobalSection
	GlobalSection(SolutionProperties) = preSolution
		HideSolutionNode = FALSE
	EndGlobalSection
	GlobalSection(ExtensibilityGlobals) = postSolution
		SolutionGuid = {D9942A96-6117-4A1A-9350-B6AFB35201F9}
	EndGlobalSection
EndGlobal
